speakeasyVersion: 1.441.0
sources:
    TerraformProviderUkumawapi-OAS:
        sourceNamespace: terraform-provider-ukumawapi-oas
        sourceRevisionDigest: sha256:bff396d0f1bc7191877a1e1da671aacb129b3afe7363842ac8fd938973315546
        sourceBlobDigest: sha256:b5e4ebd322f81b35c05d7aca43b592e39f87c8d5f9814ba50fa267f7387e2b03
        tags:
            - latest
targets:
    terraform-provider-ukumawapi:
        source: TerraformProviderUkumawapi-OAS
        sourceNamespace: terraform-provider-ukumawapi-oas
        sourceRevisionDigest: sha256:bff396d0f1bc7191877a1e1da671aacb129b3afe7363842ac8fd938973315546
        sourceBlobDigest: sha256:b5e4ebd322f81b35c05d7aca43b592e39f87c8d5f9814ba50fa267f7387e2b03
workflow:
    workflowVersion: 1.0.0
    speakeasyVersion: latest
    sources:
        TerraformProviderUkumawapi-OAS:
            inputs:
                - location: /Users/pete.leese/terraform-provider-ukumawapi/openapi.yaml
            registry:
                location: registry.speakeasyapi.dev/terraform-provider-ukumawapi/terraform-provider-ukumawapi/terraform-provider-ukumawapi-oas
    targets:
        terraform-provider-ukumawapi:
            target: terraform
            source: TerraformProviderUkumawapi-OAS
