speakeasyVersion: 1.440.1
sources:
    TerraformProviderUkumawapi-OAS:
        sourceNamespace: terraform-provider-ukumawapi-oas
        sourceRevisionDigest: sha256:1e186c98ab14565180cc96d6f87c37ed2d17a0d4581bf57672cf4113a39dab39
        sourceBlobDigest: sha256:7b7711cb70a1a82ed2cb1d7cadc46b0491844ff6edfaf407df04b42efc6f4fd9
        tags:
            - latest
targets:
    terraform-provider-ukumawapi:
        source: TerraformProviderUkumawapi-OAS
        sourceNamespace: terraform-provider-ukumawapi-oas
        sourceRevisionDigest: sha256:1e186c98ab14565180cc96d6f87c37ed2d17a0d4581bf57672cf4113a39dab39
        sourceBlobDigest: sha256:7b7711cb70a1a82ed2cb1d7cadc46b0491844ff6edfaf407df04b42efc6f4fd9
workflow:
    workflowVersion: 1.0.0
    speakeasyVersion: latest
    sources:
        TerraformProviderUkumawapi-OAS:
            inputs:
                - location: http://192.168.86.94:8000/openapi.json
            overlays:
                - location: overlay.yaml
            registry:
                location: registry.speakeasyapi.dev/terraform-provider-ukumawapi/terraform-provider-ukumawapi/terraform-provider-ukumawapi-oas
    targets:
        terraform-provider-ukumawapi:
            target: terraform
            source: TerraformProviderUkumawapi-OAS
